
Microsoft Visual Studio Solution File, Format Version 12.00
# Visual Studio 15
VisualStudioVersion = 15.0.28307.106
MinimumVisualStudioVersion = 10.0.40219.1
Project("{FAE04EC0-301F-11D3-BF4B-00C04F79EFBC}") = "toshiapp.Android", "toshiapp\toshiapp.Android\toshiapp.Android.csproj", "{90B7D3D1-5DBC-426F-B6CD-77805A118135}"
EndProject
Project("{9A19103F-16F7-4668-BE54-9A1E7A4F7556}") = "toshiapp", "toshiapp\toshiapp\toshiapp.csproj", "{AC28B988-6F26-4FA0-A673-A4401BE8CAE2}"
EndProject
Global
	GlobalSection(SolutionConfigurationPlatforms) = preSolution
		Debug|Any CPU = Debug|Any CPU
		Release|Any CPU = Release|Any CPU
	EndGlobalSection
	GlobalSection(ProjectConfigurationPlatforms) = postSolution
		{90B7D3D1-5DBC-426F-B6CD-77805A118135}.Debug|Any CPU.ActiveCfg = Debug|Any CPU
		{90B7D3D1-5DBC-426F-B6CD-77805A118135}.Debug|Any CPU.Build.0 = Debug|Any CPU
		{90B7D3D1-5DBC-426F-B6CD-77805A118135}.Debug|Any CPU.Deploy.0 = Debug|Any CPU
		{90B7D3D1-5DBC-426F-B6CD-77805A118135}.Release|Any CPU.ActiveCfg = Release|Any CPU
		{90B7D3D1-5DBC-426F-B6CD-77805A118135}.Release|Any CPU.Build.0 = Release|Any CPU
		{90B7D3D1-5DBC-426F-B6CD-77805A118135}.Release|Any CPU.Deploy.0 = Release|Any CPU
		{AC28B988-6F26-4FA0-A673-A4401BE8CAE2}.Debug|Any CPU.ActiveCfg = Debug|Any CPU
		{AC28B988-6F26-4FA0-A673-A4401BE8CAE2}.Debug|Any CPU.Build.0 = Debug|Any CPU
		{AC28B988-6F26-4FA0-A673-A4401BE8CAE2}.Debug|Any CPU.Deploy.0 = Debug|Any CPU
		{AC28B988-6F26-4FA0-A673-A4401BE8CAE2}.Release|Any CPU.ActiveCfg = Release|Any CPU
		{AC28B988-6F26-4FA0-A673-A4401BE8CAE2}.Release|Any CPU.Build.0 = Release|Any CPU
		{AC28B988-6F26-4FA0-A673-A4401BE8CAE2}.Release|Any CPU.Deploy.0 = Release|Any CPU
	EndGlobalSection
	GlobalSection(SolutionProperties) = preSolution
		HideSolutionNode = FALSE
	EndGlobalSection
	GlobalSection(ExtensibilityGlobals) = postSolution
		SolutionGuid = {DF42CD9C-4906-492B-BA5D-EB23BBA63FF9}
	EndGlobalSection
EndGlobal
